// !$*UTF8*$!
{
	archiveVersion = 1;
	classes = {
	};
	objectVersion = 50;
	objects = {

/* Begin PBXBuildFile section */
		1D6116F524EEDDE900FFCFA7 /* UnitPicker.swift in Sources */ = {isa = PBXBuildFile; fileRef = 1D6116F424EEDDE900FFCFA7 /* UnitPicker.swift */; };
		1DBFCA2F24EEAC7900FA81E4 /* ConvertzApp.swift in Sources */ = {isa = PBXBuildFile; fileRef = 1DBFCA2E24EEAC7900FA81E4 /* ConvertzApp.swift */; };
		1DBFCA3124EEAC7900FA81E4 /* ContentView.swift in Sources */ = {isa = PBXBuildFile; fileRef = 1DBFCA3024EEAC7900FA81E4 /* ContentView.swift */; };
		1DBFCA3324EEAC7900FA81E4 /* Assets.xcassets in Resources */ = {isa = PBXBuildFile; fileRef = 1DBFCA3224EEAC7900FA81E4 /* Assets.xcassets */; };
		1DBFCA3624EEAC7900FA81E4 /* Preview Assets.xcassets in Resources */ = {isa = PBXBuildFile; fileRef = 1DBFCA3524EEAC7900FA81E4 /* Preview Assets.xcassets */; };
/* End PBXBuildFile section */

/* Begin PBXFileReference section */
		1D6116F424EEDDE900FFCFA7 /* UnitPicker.swift */ = {isa = PBXFileReference; lastKnownFileType = sourcecode.swift; path = UnitPicker.swift; sourceTree = "<group>"; };
		1DBFCA2B24EEAC7900FA81E4 /* Convertz.app */ = {isa = PBXFileReference; explicitFileType = wrapper.application; includeInIndex = 0; path = Convertz.app; sourceTree = BUILT_PRODUCTS_DIR; };
		1DBFCA2E24EEAC7900FA81E4 /* ConvertzApp.swift */ = {isa = PBXFileReference; lastKnownFileType = sourcecode.swift; path = ConvertzApp.swift; sourceTree = "<group>"; };
		1DBFCA3024EEAC7900FA81E4 /* ContentView.swift */ = {isa = PBXFileReference; lastKnownFileType = sourcecode.swift; path = ContentView.swift; sourceTree = "<group>"; };
		1DBFCA3224EEAC7900FA81E4 /* Assets.xcassets */ = {isa = PBXFileReference; lastKnownFileType = folder.assetcatalog; path = Assets.xcassets; sourceTree = "<group>"; };
		1DBFCA3524EEAC7900FA81E4 /* Preview Assets.xcassets */ = {isa = PBXFileReference; lastKnownFileType = folder.assetcatalog; path = "Preview Assets.xcassets"; sourceTree = "<group>"; };
		1DBFCA3724EEAC7900FA81E4 /* Info.plist */ = {isa = PBXFileReference; lastKnownFileType = text.plist.xml; path = Info.plist; sourceTree = "<group>"; };
/* End PBXFileReference section */

/* Begin PBXFrameworksBuildPhase section */
		1DBFCA2824EEAC7900FA81E4 /* Frameworks */ = {
			isa = PBXFrameworksBuildPhase;
			buildActionMask = 2147483647;
			files = (
			);
			runOnlyForDeploymentPostprocessing = 0;
		};
/* End PBXFrameworksBuildPhase section */

/* Begin PBXGroup section */
		1DBFCA2224EEAC7900FA81E4 = {
			isa = PBXGroup;
			children = (
				1DBFCA2D24EEAC7900FA81E4 /* Convertz */,
				1DBFCA2C24EEAC7900FA81E4 /* Products */,
			);
			sourceTree = "<group>";
		};
		1DBFCA2C24EEAC7900FA81E4 /* Products */ = {
			isa = PBXGroup;
			children = (
				1DBFCA2B24EEAC7900FA81E4 /* Convertz.app */,
			);
			name = Products;
			sourceTree = "<group>";
		};
		1DBFCA2D24EEAC7900FA81E4 /* Convertz */ = {
			isa = PBXGroup;
			children = (
				1DBFCA2E24EEAC7900FA81E4 /* ConvertzApp.swift */,
				1DBFCA3024EEAC7900FA81E4 /* ContentView.swift */,
				1D6116F424EEDDE900FFCFA7 /* UnitPicker.swift */,
				1DBFCA3224EEAC7900FA81E4 /* Assets.xcassets */,
				1DBFCA3724EEAC7900FA81E4 /* Info.plist */,
				1DBFCA3424EEAC7900FA81E4 /* Preview Content */,
			);
			path = Convertz;
			sourceTree = "<group>";
		};
		1DBFCA3424EEAC7900FA81E4 /* Preview Content */ = {
			isa = PBXGroup;
			children = (
				1DBFCA3524EEAC7900FA81E4 /* Preview Assets.xcassets */,
			);
			path = "Preview Content";
			sourceTree = "<group>";
		};
/* End PBXGroup section */

/* Begin PBXNativeTarget section */
		1DBFCA2A24EEAC7900FA81E4 /* Convertz */ = {
			isa = PBXNativeTarget;
			buildConfigurationList = 1DBFCA3A24EEAC7900FA81E4 /* Build configuration list for PBXNativeTarget "Convertz" */;
			buildPhases = (
				1DBFCA2724EEAC7900FA81E4 /* Sources */,
				1DBFCA2824EEAC7900FA81E4 /* Frameworks */,
				1DBFCA2924EEAC7900FA81E4 /* Resources */,
			);
			buildRules = (
			);
			dependencies = (
			);
			name = Convertz;
			productName = Convertz;
			productReference = 1DBFCA2B24EEAC7900FA81E4 /* Convertz.app */;
			productType = "com.apple.product-type.application";
		};
/* End PBXNativeTarget section */

/* Begin PBXProject section */
		1DBFCA2324EEAC7900FA81E4 /* Project object */ = {
			isa = PBXProject;
			attributes = {
				LastSwiftUpdateCheck = 1200;
				LastUpgradeCheck = 1200;
				TargetAttributes = {
					1DBFCA2A24EEAC7900FA81E4 = {
						CreatedOnToolsVersion = 12.0;
					};
				};
			};
			buildConfigurationList = 1DBFCA2624EEAC7900FA81E4 /* Build configuration list for PBXProject "Convertz" */;
			compatibilityVersion = "Xcode 9.3";
			developmentRegion = en;
			hasScannedForEncodings = 0;
			knownRegions = (
				en,
				Base,
			);
			mainGroup = 1DBFCA2224EEAC7900FA81E4;
			productRefGroup = 1DBFCA2C24EEAC7900FA81E4 /* Products */;
			projectDirPath = "";
			projectRoot = "";
			targets = (
				1DBFCA2A24EEAC7900FA81E4 /* Convertz */,
			);
		};
/* End PBXProject section */

/* Begin PBXResourcesBuildPhase section */
		1DBFCA2924EEAC7900FA81E4 /* Resources */ = {
			isa = PBXResourcesBuildPhase;
			buildActionMask = 2147483647;
			files = (
				1DBFCA3624EEAC7900FA81E4 /* Preview Assets.xcassets in Resources */,
				1DBFCA3324EEAC7900FA81E4 /* Assets.xcassets in Resources */,
			);
			runOnlyForDeploymentPostprocessing = 0;
		};
/* End PBXResourcesBuildPhase section */

/* Begin PBXSourcesBuildPhase section */
		1DBFCA2724EEAC7900FA81E4 /* Sources */ = {
			isa = PBXSourcesBuildPhase;
			buildActionMask = 2147483647;
			files = (
				1DBFCA3124EEAC7900FA81E4 /* ContentView.swift in Sources */,
				1DBFCA2F24EEAC7900FA81E4 /* ConvertzApp.swift in Sources */,
				1D6116F524EEDDE900FFCFA7 /* UnitPicker.swift in Sources */,
			);
			runOnlyForDeploymentPostprocessing = 0;
		};
/* End PBXSourcesBuildPhase section */

/* Begin XCBuildConfiguration section */
		1DBFCA3824EEAC7900FA81E4 /* Debug */ = {
			isa = XCBuildConfiguration;
			buildSettings = {
				ALWAYS_SEARCH_USER_PATHS = NO;
				CLANG_ANALYZER_NONNULL = YES;
				CLANG_ANALYZER_NUMBER_OBJECT_CONVERSION = YES_AGGRESSIVE;
				CLANG_CXX_LANGUAGE_STANDARD = "gnu++14";
				CLANG_CXX_LIBRARY = "libc++";
				CLANG_ENABLE_MODULES = YES;
				CLANG_ENABLE_OBJC_ARC = YES;
				CLANG_ENABLE_OBJC_WEAK = YES;
				CLANG_WARN_BLOCK_CAPTURE_AUTORELEASING = YES;
				CLANG_WARN_BOOL_CONVERSION = YES;
				CLANG_WARN_COMMA = YES;
				CLANG_WARN_CONSTANT_CONVERSION = YES;
				CLANG_WARN_DEPRECATED_OBJC_IMPLEMENTATIONS = YES;
				CLANG_WARN_DIRECT_OBJC_ISA_USAGE = YES_ERROR;
				CLANG_WARN_DOCUMENTATION_COMMENTS = YES;
				CLANG_WARN_EMPTY_BODY = YES;
				CLANG_WARN_ENUM_CONVERSION = YES;
				CLANG_WARN_INFINITE_RECURSION = YES;
				CLANG_WARN_INT_CONVERSION = YES;
				CLANG_WARN_NON_LITERAL_NULL_CONVERSION = YES;
				CLANG_WARN_OBJC_IMPLICIT_RETAIN_SELF = YES;
				CLANG_WARN_OBJC_LITERAL_CONVERSION = YES;
				CLANG_WARN_OBJC_ROOT_CLASS = YES_ERROR;
				CLANG_WARN_QUOTED_INCLUDE_IN_FRAMEWORK_HEADER = YES;
				CLANG_WARN_RANGE_LOOP_ANALYSIS = YES;
				CLANG_WARN_STRICT_PROTOTYPES = YES;
				CLANG_WARN_SUSPICIOUS_MOVE = YES;
				CLANG_WARN_UNGUARDED_AVAILABILITY = YES_AGGRESSIVE;
				CLANG_WARN_UNREACHABLE_CODE = YES;
				CLANG_WARN__DUPLICATE_METHOD_MATCH = YES;
				COPY_PHASE_STRIP = NO;
				DEBUG_INFORMATION_FORMAT = dwarf;
				ENABLE_STRICT_OBJC_MSGSEND = YES;
				ENABLE_TESTABILITY = YES;
				GCC_C_LANGUAGE_STANDARD = gnu11;
				GCC_DYNAMIC_NO_PIC = NO;
				GCC_NO_COMMON_BLOCKS = YES;
				GCC_OPTIMIZATION_LEVEL = 0;
				GCC_PREPROCESSOR_DEFINITIONS = (
					"DEBUG=1",
					"$(inherited)",
				);
				GCC_WARN_64_TO_32_BIT_CONVERSION = YES;
				GCC_WARN_ABOUT_RETURN_TYPE = YES_ERROR;
				GCC_WARN_UNDECLARED_SELECTOR = YES;
				GCC_WARN_UNINITIALIZED_AUTOS = YES_AGGRESSIVE;
				GCC_WARN_UNUSED_FUNCTION = YES;
				GCC_WARN_UNUSED_VARIABLE = YES;
				IPHONEOS_DEPLOYMENT_TARGET = 14.0;
				MTL_ENABLE_DEBUG_INFO = INCLUDE_SOURCE;
				MTL_FAST_MATH = YES;
				ONLY_ACTIVE_ARCH = YES;
				SDKROOT = iphoneos;
				SWIFT_ACTIVE_COMPILATION_CONDITIONS = DEBUG;
				SWIFT_OPTIMIZATION_LEVEL = "-Onone";
			};
			name = Debug;
		};
		1DBFCA3924EEAC7900FA81E4 /* Release */ = {
			isa = XCBuildConfiguration;
			buildSettings = {
				ALWAYS_SEARCH_USER_PATHS = NO;
				CLANG_ANALYZER_NONNULL = YES;
				CLANG_ANALYZER_NUMBER_OBJECT_CONVERSION = YES_AGGRESSIVE;
				CLANG_CXX_LANGUAGE_STANDARD = "gnu++14";
				CLANG_CXX_LIBRARY = "libc++";
				CLANG_ENABLE_MODULES = YES;
				CLANG_ENABLE_OBJC_ARC = YES;
				CLANG_ENABLE_OBJC_WEAK = YES;
				CLANG_WARN_BLOCK_CAPTURE_AUTORELEASING = YES;
				CLANG_WARN_BOOL_CONVERSION = YES;
				CLANG_WARN_COMMA = YES;
				CLANG_WARN_CONSTANT_CONVERSION = YES;
				CLANG_WARN_DEPRECATED_OBJC_IMPLEMENTATIONS = YES;
				CLANG_WARN_DIRECT_OBJC_ISA_USAGE = YES_ERROR;
				CLANG_WARN_DOCUMENTATION_COMMENTS = YES;
				CLANG_WARN_EMPTY_BODY = YES;
				CLANG_WARN_ENUM_CONVERSION = YES;
				CLANG_WARN_INFINITE_RECURSION = YES;
				CLANG_WARN_INT_CONVERSION = YES;
				CLANG_WARN_NON_LITERAL_NULL_CONVERSION = YES;
				CLANG_WARN_OBJC_IMPLICIT_RETAIN_SELF = YES;
				CLANG_WARN_OBJC_LITERAL_CONVERSION = YES;
				CLANG_WARN_OBJC_ROOT_CLASS = YES_ERROR;
				CLANG_WARN_QUOTED_INCLUDE_IN_FRAMEWORK_HEADER = YES;
				CLANG_WARN_RANGE_LOOP_ANALYSIS = YES;
				CLANG_WARN_STRICT_PROTOTYPES = YES;
				CLANG_WARN_SUSPICIOUS_MOVE = YES;
				CLANG_WARN_UNGUARDED_AVAILABILITY = YES_AGGRESSIVE;
				CLANG_WARN_UNREACHABLE_CODE = YES;
				CLANG_WARN__DUPLICATE_METHOD_MATCH = YES;
				COPY_PHASE_STRIP = NO;
				DEBUG_INFORMATION_FORMAT = "dwarf-with-dsym";
				ENABLE_NS_ASSERTIONS = NO;
				ENABLE_STRICT_OBJC_MSGSEND = YES;
				GCC_C_LANGUAGE_STANDARD = gnu11;
				GCC_NO_COMMON_BLOCKS = YES;
				GCC_WARN_64_TO_32_BIT_CONVERSION = YES;
				GCC_WARN_ABOUT_RETURN_TYPE = YES_ERROR;
				GCC_WARN_UNDECLARED_SELECTOR = YES;
				GCC_WARN_UNINITIALIZED_AUTOS = YES_AGGRESSIVE;
				GCC_WARN_UNUSED_FUNCTION = YES;
				GCC_WARN_UNUSED_VARIABLE = YES;
				IPHONEOS_DEPLOYMENT_TARGET = 14.0;
				MTL_ENABLE_DEBUG_INFO = NO;
				MTL_FAST_MATH = YES;
				SDKROOT = iphoneos;
				SWIFT_COMPILATION_MODE = wholemodule;
				SWIFT_OPTIMIZATION_LEVEL = "-O";
				VALIDATE_PRODUCT = YES;
			};
			name = Release;
		};
		1DBFCA3B24EEAC7900FA81E4 /* Debug */ = {
			isa = XCBuildConfiguration;
			buildSettings = {
				ASSETCATALOG_COMPILER_APPICON_NAME = AppIcon;
				ASSETCATALOG_COMPILER_GLOBAL_ACCENT_COLOR_NAME = AccentColor;
				CODE_SIGN_STYLE = Automatic;
				DEVELOPMENT_ASSET_PATHS = "\"Convertz/Preview Content\"";
				DEVELOPMENT_TEAM = XU9WC44F8F;
				ENABLE_PREVIEWS = YES;
				INFOPLIST_FILE = Convertz/Info.plist;
				IPHONEOS_DEPLOYMENT_TARGET = 14.0;
				LD_RUNPATH_SEARCH_PATHS = (
					"$(inherited)",
					"@executable_path/Frameworks",
				);
				PRODUCT_BUNDLE_IDENTIFIER = com.irangareddy.Convertz;
				PRODUCT_NAME = "$(TARGET_NAME)";
				SWIFT_VERSION = 5.0;
				TARGETED_DEVICE_FAMILY = "1,2";
			};
			name = Debug;
		};
		1DBFCA3C24EEAC7900FA81E4 /* Release */ = {
			isa = XCBuildConfiguration;
			buildSettings = {
				ASSETCATALOG_COMPILER_APPICON_NAME = AppIcon;
				ASSETCATALOG_COMPILER_GLOBAL_ACCENT_COLOR_NAME = AccentColor;
				CODE_SIGN_STYLE = Automatic;
				DEVELOPMENT_ASSET_PATHS = "\"Convertz/Preview Content\"";
				DEVELOPMENT_TEAM = XU9WC44F8F;
				ENABLE_PREVIEWS = YES;
				INFOPLIST_FILE = Convertz/Info.plist;
				IPHONEOS_DEPLOYMENT_TARGET = 14.0;
				LD_RUNPATH_SEARCH_PATHS = (
					"$(inherited)",
					"@executable_path/Frameworks",
				);
				PRODUCT_BUNDLE_IDENTIFIER = com.irangareddy.Convertz;
				PRODUCT_NAME = "$(TARGET_NAME)";
				SWIFT_VERSION = 5.0;
				TARGETED_DEVICE_FAMILY = "1,2";
			};
			name = Release;
		};
/* End XCBuildConfiguration section */

/* Begin XCConfigurationList section */
		1DBFCA2624EEAC7900FA81E4 /* Build configuration list for PBXProject "Convertz" */ = {
			isa = XCConfigurationList;
			buildConfigurations = (
				1DBFCA3824EEAC7900FA81E4 /* Debug */,
				1DBFCA3924EEAC7900FA81E4 /* Release */,
			);
			defaultConfigurationIsVisible = 0;
			defaultConfigurationName = Release;
		};
		1DBFCA3A24EEAC7900FA81E4 /* Build configuration list for PBXNativeTarget "Convertz" */ = {
			isa = XCConfigurationList;
			buildConfigurations = (
				1DBFCA3B24EEAC7900FA81E4 /* Debug */,
				1DBFCA3C24EEAC7900FA81E4 /* Release */,
			);
			defaultConfigurationIsVisible = 0;
			defaultConfigurationName = Release;
		};
/* End XCConfigurationList section */
	};
	rootObject = 1DBFCA2324EEAC7900FA81E4 /* Project object */;
}
